{
  "requires": true,
  "lockfileVersion": 1,
  "dependencies": {
    "bootstrap": {
      "version": "5.1.3",
      "resolved": "https://registry.npmjs.org/bootstrap/-/bootstrap-5.1.3.tgz",
      "integrity": "sha512-fcQztozJ8jToQWXxVuEyXWW+dSo8AiXWKwiSSrKWsRB/Qt+Ewwza+JWoLKiTuQLaEPhdNAJ7+Dosc9DOIqNy7Q=="
    },
    "startbootstrap-clean-blog": {
      "version": "6.0.8",
      "resolved": "https://registry.npmjs.org/startbootstrap-clean-blog/-/startbootstrap-clean-blog-6.0.8.tgz",
      "integrity": "sha512-X5jOLspNr6Afn/rDOpw9Riv87F8nTnl6k0EzHajWqoGI4Bl1dxeTa2dAAoxY7Hc8Egtsj3HNyQ1LdqLySOdPgQ==",
      "requires": {
        "bootstrap": "5.1.3"
      }
    }
  }
}
